
Microsoft Visual Studio Solution File, Format Version 12.00
# Visual Studio Version 16
VisualStudioVersion = 16.0.33328.57
MinimumVisualStudioVersion = 10.0.40219.1
Project("{9A19103F-16F7-4668-BE54-9A1E7A4F7556}") = "SecTool", "SecTool\SecTool.csproj", "{99436766-D2B6-4519-ACF3-C267939BF1FB}"
	ProjectSection(ProjectDependencies) = postProject
		{44B75E99-ABE6-463C-8CF6-9CA8AAAC9103} = {44B75E99-ABE6-463C-8CF6-9CA8AAAC9103}
	EndProjectSection
EndProject
Project("{9A19103F-16F7-4668-BE54-9A1E7A4F7556}") = "ArcTool", "ArcTool\ArcTool.csproj", "{5794DD37-A1D3-4010-8D23-D173CDC20329}"
	ProjectSection(ProjectDependencies) = postProject
		{44B75E99-ABE6-463C-8CF6-9CA8AAAC9103} = {44B75E99-ABE6-463C-8CF6-9CA8AAAC9103}
	EndProjectSection
EndProject
Project("{FAE04EC0-301F-11D3-BF4B-00C04F79EFBC}") = "SAS5Lib", "SAS5Lib\SAS5Lib.csproj", "{44B75E99-ABE6-463C-8CF6-9CA8AAAC9103}"
EndProject
Global
	GlobalSection(SolutionConfigurationPlatforms) = preSolution
		Debug|Any CPU = Debug|Any CPU
		Release|Any CPU = Release|Any CPU
	EndGlobalSection
	GlobalSection(ProjectConfigurationPlatforms) = postSolution
		{99436766-D2B6-4519-ACF3-C267939BF1FB}.Debug|Any CPU.ActiveCfg = Debug|Any CPU
		{99436766-D2B6-4519-ACF3-C267939BF1FB}.Debug|Any CPU.Build.0 = Debug|Any CPU
		{99436766-D2B6-4519-ACF3-C267939BF1FB}.Release|Any CPU.ActiveCfg = Release|Any CPU
		{99436766-D2B6-4519-ACF3-C267939BF1FB}.Release|Any CPU.Build.0 = Release|Any CPU
		{5794DD37-A1D3-4010-8D23-D173CDC20329}.Debug|Any CPU.ActiveCfg = Debug|Any CPU
		{5794DD37-A1D3-4010-8D23-D173CDC20329}.Debug|Any CPU.Build.0 = Debug|Any CPU
		{5794DD37-A1D3-4010-8D23-D173CDC20329}.Release|Any CPU.ActiveCfg = Release|Any CPU
		{5794DD37-A1D3-4010-8D23-D173CDC20329}.Release|Any CPU.Build.0 = Release|Any CPU
		{44B75E99-ABE6-463C-8CF6-9CA8AAAC9103}.Debug|Any CPU.ActiveCfg = Debug|Any CPU
		{44B75E99-ABE6-463C-8CF6-9CA8AAAC9103}.Debug|Any CPU.Build.0 = Debug|Any CPU
		{44B75E99-ABE6-463C-8CF6-9CA8AAAC9103}.Release|Any CPU.ActiveCfg = Release|Any CPU
		{44B75E99-ABE6-463C-8CF6-9CA8AAAC9103}.Release|Any CPU.Build.0 = Release|Any CPU
	EndGlobalSection
	GlobalSection(SolutionProperties) = preSolution
		HideSolutionNode = FALSE
	EndGlobalSection
	GlobalSection(ExtensibilityGlobals) = postSolution
		SolutionGuid = {CE5B478B-88FA-4D7C-8078-29B1C20EB006}
	EndGlobalSection
EndGlobal
